// !$*UTF8*$!
{
	archiveVersion = 1;
	classes = {
	};
	objectVersion = 50;
	objects = {

/* Begin PBXBuildFile section */
		AC31472F2319BC0800742986 /* AppDelegate.swift in Sources */ = {isa = PBXBuildFile; fileRef = AC31472E2319BC0800742986 /* AppDelegate.swift */; };
		AC3147312319BC0800742986 /* ViewController.swift in Sources */ = {isa = PBXBuildFile; fileRef = AC3147302319BC0800742986 /* ViewController.swift */; };
		AC3147342319BC0800742986 /* Main.storyboard in Resources */ = {isa = PBXBuildFile; fileRef = AC3147322319BC0800742986 /* Main.storyboard */; };
		AC3147362319BC0900742986 /* Assets.xcassets in Resources */ = {isa = PBXBuildFile; fileRef = AC3147352319BC0900742986 /* Assets.xcassets */; };
		AC3147392319BC0900742986 /* LaunchScreen.storyboard in Resources */ = {isa = PBXBuildFile; fileRef = AC3147372319BC0900742986 /* LaunchScreen.storyboard */; };
		AC3147442319BC0900742986 /* EmployeeDirectoryTests.swift in Sources */ = {isa = PBXBuildFile; fileRef = AC3147432319BC0900742986 /* EmployeeDirectoryTests.swift */; };
		AC3147512319BD5800742986 /* Employee.swift in Sources */ = {isa = PBXBuildFile; fileRef = AC3147502319BD5800742986 /* Employee.swift */; };
		AC3147542319F45200742986 /* CacheService.swift in Sources */ = {isa = PBXBuildFile; fileRef = AC3147532319F45200742986 /* CacheService.swift */; };
		AC314757231A079B00742986 /* Bundle+SquareURL.swift in Sources */ = {isa = PBXBuildFile; fileRef = AC314756231A079B00742986 /* Bundle+SquareURL.swift */; };
		AC31475A231A094500742986 /* Networking.swift in Sources */ = {isa = PBXBuildFile; fileRef = AC314759231A094500742986 /* Networking.swift */; };
		AC31475C231A098500742986 /* Resource.swift in Sources */ = {isa = PBXBuildFile; fileRef = AC31475B231A098500742986 /* Resource.swift */; };
		AC31475E231A0EE600742986 /* URLSession+Extension.swift in Sources */ = {isa = PBXBuildFile; fileRef = AC31475D231A0EE600742986 /* URLSession+Extension.swift */; };
		AC314760231A127300742986 /* NetworkSessionable.swift in Sources */ = {isa = PBXBuildFile; fileRef = AC31475F231A127300742986 /* NetworkSessionable.swift */; };
		AC314762231A134300742986 /* NetworkSessionMocks.swift in Sources */ = {isa = PBXBuildFile; fileRef = AC314761231A134300742986 /* NetworkSessionMocks.swift */; };
		AC314764231A2B7700742986 /* NetworkTests.swift in Sources */ = {isa = PBXBuildFile; fileRef = AC314763231A2B7700742986 /* NetworkTests.swift */; };
/* End PBXBuildFile section */

/* Begin PBXContainerItemProxy section */
		AC3147402319BC0900742986 /* PBXContainerItemProxy */ = {
			isa = PBXContainerItemProxy;
			containerPortal = AC3147232319BC0800742986 /* Project object */;
			proxyType = 1;
			remoteGlobalIDString = AC31472A2319BC0800742986;
			remoteInfo = EmployeeDirectory;
		};
/* End PBXContainerItemProxy section */

/* Begin PBXFileReference section */
		AC31472B2319BC0800742986 /* EmployeeDirectory.app */ = {isa = PBXFileReference; explicitFileType = wrapper.application; includeInIndex = 0; path = EmployeeDirectory.app; sourceTree = BUILT_PRODUCTS_DIR; };
		AC31472E2319BC0800742986 /* AppDelegate.swift */ = {isa = PBXFileReference; lastKnownFileType = sourcecode.swift; path = AppDelegate.swift; sourceTree = "<group>"; };
		AC3147302319BC0800742986 /* ViewController.swift */ = {isa = PBXFileReference; lastKnownFileType = sourcecode.swift; path = ViewController.swift; sourceTree = "<group>"; };
		AC3147332319BC0800742986 /* Base */ = {isa = PBXFileReference; lastKnownFileType = file.storyboard; name = Base; path = Base.lproj/Main.storyboard; sourceTree = "<group>"; };
		AC3147352319BC0900742986 /* Assets.xcassets */ = {isa = PBXFileReference; lastKnownFileType = folder.assetcatalog; path = Assets.xcassets; sourceTree = "<group>"; };
		AC3147382319BC0900742986 /* Base */ = {isa = PBXFileReference; lastKnownFileType = file.storyboard; name = Base; path = Base.lproj/LaunchScreen.storyboard; sourceTree = "<group>"; };
		AC31473A2319BC0900742986 /* Info.plist */ = {isa = PBXFileReference; lastKnownFileType = text.plist.xml; path = Info.plist; sourceTree = "<group>"; };
		AC31473F2319BC0900742986 /* EmployeeDirectoryTests.xctest */ = {isa = PBXFileReference; explicitFileType = wrapper.cfbundle; includeInIndex = 0; path = EmployeeDirectoryTests.xctest; sourceTree = BUILT_PRODUCTS_DIR; };
		AC3147432319BC0900742986 /* EmployeeDirectoryTests.swift */ = {isa = PBXFileReference; lastKnownFileType = sourcecode.swift; path = EmployeeDirectoryTests.swift; sourceTree = "<group>"; };
		AC3147452319BC0900742986 /* Info.plist */ = {isa = PBXFileReference; lastKnownFileType = text.plist.xml; path = Info.plist; sourceTree = "<group>"; };
		AC3147502319BD5800742986 /* Employee.swift */ = {isa = PBXFileReference; lastKnownFileType = sourcecode.swift; path = Employee.swift; sourceTree = "<group>"; };
		AC3147532319F45200742986 /* CacheService.swift */ = {isa = PBXFileReference; lastKnownFileType = sourcecode.swift; path = CacheService.swift; sourceTree = "<group>"; };
		AC314756231A079B00742986 /* Bundle+SquareURL.swift */ = {isa = PBXFileReference; lastKnownFileType = sourcecode.swift; path = "Bundle+SquareURL.swift"; sourceTree = "<group>"; };
		AC314759231A094500742986 /* Networking.swift */ = {isa = PBXFileReference; lastKnownFileType = sourcecode.swift; path = Networking.swift; sourceTree = "<group>"; };
		AC31475B231A098500742986 /* Resource.swift */ = {isa = PBXFileReference; lastKnownFileType = sourcecode.swift; path = Resource.swift; sourceTree = "<group>"; };
		AC31475D231A0EE600742986 /* URLSession+Extension.swift */ = {isa = PBXFileReference; lastKnownFileType = sourcecode.swift; path = "URLSession+Extension.swift"; sourceTree = "<group>"; };
		AC31475F231A127300742986 /* NetworkSessionable.swift */ = {isa = PBXFileReference; lastKnownFileType = sourcecode.swift; path = NetworkSessionable.swift; sourceTree = "<group>"; };
		AC314761231A134300742986 /* NetworkSessionMocks.swift */ = {isa = PBXFileReference; lastKnownFileType = sourcecode.swift; path = NetworkSessionMocks.swift; sourceTree = "<group>"; };
		AC314763231A2B7700742986 /* NetworkTests.swift */ = {isa = PBXFileReference; lastKnownFileType = sourcecode.swift; path = NetworkTests.swift; sourceTree = "<group>"; };
/* End PBXFileReference section */

/* Begin PBXFrameworksBuildPhase section */
		AC3147282319BC0800742986 /* Frameworks */ = {
			isa = PBXFrameworksBuildPhase;
			buildActionMask = 2147483647;
			files = (
			);
			runOnlyForDeploymentPostprocessing = 0;
		};
		AC31473C2319BC0900742986 /* Frameworks */ = {
			isa = PBXFrameworksBuildPhase;
			buildActionMask = 2147483647;
			files = (
			);
			runOnlyForDeploymentPostprocessing = 0;
		};
/* End PBXFrameworksBuildPhase section */

/* Begin PBXGroup section */
		AC3147222319BC0800742986 = {
			isa = PBXGroup;
			children = (
				AC31472D2319BC0800742986 /* EmployeeDirectory */,
				AC3147422319BC0900742986 /* EmployeeDirectoryTests */,
				AC31472C2319BC0800742986 /* Products */,
			);
			sourceTree = "<group>";
		};
		AC31472C2319BC0800742986 /* Products */ = {
			isa = PBXGroup;
			children = (
				AC31472B2319BC0800742986 /* EmployeeDirectory.app */,
				AC31473F2319BC0900742986 /* EmployeeDirectoryTests.xctest */,
			);
			name = Products;
			sourceTree = "<group>";
		};
		AC31472D2319BC0800742986 /* EmployeeDirectory */ = {
			isa = PBXGroup;
			children = (
				AC31474E2319BC1D00742986 /* Library */,
				AC31472E2319BC0800742986 /* AppDelegate.swift */,
				AC3147302319BC0800742986 /* ViewController.swift */,
				AC3147322319BC0800742986 /* Main.storyboard */,
				AC3147352319BC0900742986 /* Assets.xcassets */,
				AC3147372319BC0900742986 /* LaunchScreen.storyboard */,
				AC31473A2319BC0900742986 /* Info.plist */,
			);
			path = EmployeeDirectory;
			sourceTree = "<group>";
		};
		AC3147422319BC0900742986 /* EmployeeDirectoryTests */ = {
			isa = PBXGroup;
			children = (
				AC3147432319BC0900742986 /* EmployeeDirectoryTests.swift */,
				AC3147452319BC0900742986 /* Info.plist */,
				AC314761231A134300742986 /* NetworkSessionMocks.swift */,
				AC314763231A2B7700742986 /* NetworkTests.swift */,
			);
			path = EmployeeDirectoryTests;
			sourceTree = "<group>";
		};
		AC31474E2319BC1D00742986 /* Library */ = {
			isa = PBXGroup;
			children = (
				AC314758231A092B00742986 /* Networking */,
				AC314755231A077D00742986 /* Extensions */,
				AC3147522319F44200742986 /* Service */,
				AC31474F2319BC3500742986 /* Model */,
			);
			path = Library;
			sourceTree = "<group>";
		};
		AC31474F2319BC3500742986 /* Model */ = {
			isa = PBXGroup;
			children = (
				AC3147502319BD5800742986 /* Employee.swift */,
			);
			path = Model;
			sourceTree = "<group>";
		};
		AC3147522319F44200742986 /* Service */ = {
			isa = PBXGroup;
			children = (
				AC3147532319F45200742986 /* CacheService.swift */,
			);
			path = Service;
			sourceTree = "<group>";
		};
		AC314755231A077D00742986 /* Extensions */ = {
			isa = PBXGroup;
			children = (
				AC314756231A079B00742986 /* Bundle+SquareURL.swift */,
				AC31475D231A0EE600742986 /* URLSession+Extension.swift */,
			);
			path = Extensions;
			sourceTree = "<group>";
		};
		AC314758231A092B00742986 /* Networking */ = {
			isa = PBXGroup;
			children = (
				AC314759231A094500742986 /* Networking.swift */,
				AC31475B231A098500742986 /* Resource.swift */,
				AC31475F231A127300742986 /* NetworkSessionable.swift */,
			);
			path = Networking;
			sourceTree = "<group>";
		};
/* End PBXGroup section */

/* Begin PBXNativeTarget section */
		AC31472A2319BC0800742986 /* EmployeeDirectory */ = {
			isa = PBXNativeTarget;
			buildConfigurationList = AC3147482319BC0900742986 /* Build configuration list for PBXNativeTarget "EmployeeDirectory" */;
			buildPhases = (
				AC3147272319BC0800742986 /* Sources */,
				AC3147282319BC0800742986 /* Frameworks */,
				AC3147292319BC0800742986 /* Resources */,
			);
			buildRules = (
			);
			dependencies = (
			);
			name = EmployeeDirectory;
			productName = EmployeeDirectory;
			productReference = AC31472B2319BC0800742986 /* EmployeeDirectory.app */;
			productType = "com.apple.product-type.application";
		};
		AC31473E2319BC0900742986 /* EmployeeDirectoryTests */ = {
			isa = PBXNativeTarget;
			buildConfigurationList = AC31474B2319BC0900742986 /* Build configuration list for PBXNativeTarget "EmployeeDirectoryTests" */;
			buildPhases = (
				AC31473B2319BC0900742986 /* Sources */,
				AC31473C2319BC0900742986 /* Frameworks */,
				AC31473D2319BC0900742986 /* Resources */,
			);
			buildRules = (
			);
			dependencies = (
				AC3147412319BC0900742986 /* PBXTargetDependency */,
			);
			name = EmployeeDirectoryTests;
			productName = EmployeeDirectoryTests;
			productReference = AC31473F2319BC0900742986 /* EmployeeDirectoryTests.xctest */;
			productType = "com.apple.product-type.bundle.unit-test";
		};
/* End PBXNativeTarget section */

/* Begin PBXProject section */
		AC3147232319BC0800742986 /* Project object */ = {
			isa = PBXProject;
			attributes = {
				LastSwiftUpdateCheck = 1030;
				LastUpgradeCheck = 1030;
				ORGANIZATIONNAME = "Rajbongshi, Bhaskar";
				TargetAttributes = {
					AC31472A2319BC0800742986 = {
						CreatedOnToolsVersion = 10.3;
					};
					AC31473E2319BC0900742986 = {
						CreatedOnToolsVersion = 10.3;
						TestTargetID = AC31472A2319BC0800742986;
					};
				};
			};
			buildConfigurationList = AC3147262319BC0800742986 /* Build configuration list for PBXProject "EmployeeDirectory" */;
			compatibilityVersion = "Xcode 9.3";
			developmentRegion = en;
			hasScannedForEncodings = 0;
			knownRegions = (
				en,
				Base,
			);
			mainGroup = AC3147222319BC0800742986;
			productRefGroup = AC31472C2319BC0800742986 /* Products */;
			projectDirPath = "";
			projectRoot = "";
			targets = (
				AC31472A2319BC0800742986 /* EmployeeDirectory */,
				AC31473E2319BC0900742986 /* EmployeeDirectoryTests */,
			);
		};
/* End PBXProject section */

/* Begin PBXResourcesBuildPhase section */
		AC3147292319BC0800742986 /* Resources */ = {
			isa = PBXResourcesBuildPhase;
			buildActionMask = 2147483647;
			files = (
				AC3147392319BC0900742986 /* LaunchScreen.storyboard in Resources */,
				AC3147362319BC0900742986 /* Assets.xcassets in Resources */,
				AC3147342319BC0800742986 /* Main.storyboard in Resources */,
			);
			runOnlyForDeploymentPostprocessing = 0;
		};
		AC31473D2319BC0900742986 /* Resources */ = {
			isa = PBXResourcesBuildPhase;
			buildActionMask = 2147483647;
			files = (
			);
			runOnlyForDeploymentPostprocessing = 0;
		};
/* End PBXResourcesBuildPhase section */

/* Begin PBXSourcesBuildPhase section */
		AC3147272319BC0800742986 /* Sources */ = {
			isa = PBXSourcesBuildPhase;
			buildActionMask = 2147483647;
			files = (
				AC3147312319BC0800742986 /* ViewController.swift in Sources */,
				AC314757231A079B00742986 /* Bundle+SquareURL.swift in Sources */,
				AC3147512319BD5800742986 /* Employee.swift in Sources */,
				AC31475A231A094500742986 /* Networking.swift in Sources */,
				AC31475E231A0EE600742986 /* URLSession+Extension.swift in Sources */,
				AC3147542319F45200742986 /* CacheService.swift in Sources */,
				AC314760231A127300742986 /* NetworkSessionable.swift in Sources */,
				AC31472F2319BC0800742986 /* AppDelegate.swift in Sources */,
				AC31475C231A098500742986 /* Resource.swift in Sources */,
			);
			runOnlyForDeploymentPostprocessing = 0;
		};
		AC31473B2319BC0900742986 /* Sources */ = {
			isa = PBXSourcesBuildPhase;
			buildActionMask = 2147483647;
			files = (
				AC3147442319BC0900742986 /* EmployeeDirectoryTests.swift in Sources */,
				AC314762231A134300742986 /* NetworkSessionMocks.swift in Sources */,
				AC314764231A2B7700742986 /* NetworkTests.swift in Sources */,
			);
			runOnlyForDeploymentPostprocessing = 0;
		};
/* End PBXSourcesBuildPhase section */

/* Begin PBXTargetDependency section */
		AC3147412319BC0900742986 /* PBXTargetDependency */ = {
			isa = PBXTargetDependency;
			target = AC31472A2319BC0800742986 /* EmployeeDirectory */;
			targetProxy = AC3147402319BC0900742986 /* PBXContainerItemProxy */;
		};
/* End PBXTargetDependency section */

/* Begin PBXVariantGroup section */
		AC3147322319BC0800742986 /* Main.storyboard */ = {
			isa = PBXVariantGroup;
			children = (
				AC3147332319BC0800742986 /* Base */,
			);
			name = Main.storyboard;
			sourceTree = "<group>";
		};
		AC3147372319BC0900742986 /* LaunchScreen.storyboard */ = {
			isa = PBXVariantGroup;
			children = (
				AC3147382319BC0900742986 /* Base */,
			);
			name = LaunchScreen.storyboard;
			sourceTree = "<group>";
		};
/* End PBXVariantGroup section */

/* Begin XCBuildConfiguration section */
		AC3147462319BC0900742986 /* Debug */ = {
			isa = XCBuildConfiguration;
			buildSettings = {
				ALWAYS_SEARCH_USER_PATHS = NO;
				CLANG_ANALYZER_NONNULL = YES;
				CLANG_ANALYZER_NUMBER_OBJECT_CONVERSION = YES_AGGRESSIVE;
				CLANG_CXX_LANGUAGE_STANDARD = "gnu++14";
				CLANG_CXX_LIBRARY = "libc++";
				CLANG_ENABLE_MODULES = YES;
				CLANG_ENABLE_OBJC_ARC = YES;
				CLANG_ENABLE_OBJC_WEAK = YES;
				CLANG_WARN_BLOCK_CAPTURE_AUTORELEASING = YES;
				CLANG_WARN_BOOL_CONVERSION = YES;
				CLANG_WARN_COMMA = YES;
				CLANG_WARN_CONSTANT_CONVERSION = YES;
				CLANG_WARN_DEPRECATED_OBJC_IMPLEMENTATIONS = YES;
				CLANG_WARN_DIRECT_OBJC_ISA_USAGE = YES_ERROR;
				CLANG_WARN_DOCUMENTATION_COMMENTS = YES;
				CLANG_WARN_EMPTY_BODY = YES;
				CLANG_WARN_ENUM_CONVERSION = YES;
				CLANG_WARN_INFINITE_RECURSION = YES;
				CLANG_WARN_INT_CONVERSION = YES;
				CLANG_WARN_NON_LITERAL_NULL_CONVERSION = YES;
				CLANG_WARN_OBJC_IMPLICIT_RETAIN_SELF = YES;
				CLANG_WARN_OBJC_LITERAL_CONVERSION = YES;
				CLANG_WARN_OBJC_ROOT_CLASS = YES_ERROR;
				CLANG_WARN_RANGE_LOOP_ANALYSIS = YES;
				CLANG_WARN_STRICT_PROTOTYPES = YES;
				CLANG_WARN_SUSPICIOUS_MOVE = YES;
				CLANG_WARN_UNGUARDED_AVAILABILITY = YES_AGGRESSIVE;
				CLANG_WARN_UNREACHABLE_CODE = YES;
				CLANG_WARN__DUPLICATE_METHOD_MATCH = YES;
				CODE_SIGN_IDENTITY = "iPhone Developer";
				COPY_PHASE_STRIP = NO;
				DEBUG_INFORMATION_FORMAT = dwarf;
				ENABLE_STRICT_OBJC_MSGSEND = YES;
				ENABLE_TESTABILITY = YES;
				GCC_C_LANGUAGE_STANDARD = gnu11;
				GCC_DYNAMIC_NO_PIC = NO;
				GCC_NO_COMMON_BLOCKS = YES;
				GCC_OPTIMIZATION_LEVEL = 0;
				GCC_PREPROCESSOR_DEFINITIONS = (
					"DEBUG=1",
					"$(inherited)",
				);
				GCC_WARN_64_TO_32_BIT_CONVERSION = YES;
				GCC_WARN_ABOUT_RETURN_TYPE = YES_ERROR;
				GCC_WARN_UNDECLARED_SELECTOR = YES;
				GCC_WARN_UNINITIALIZED_AUTOS = YES_AGGRESSIVE;
				GCC_WARN_UNUSED_FUNCTION = YES;
				GCC_WARN_UNUSED_VARIABLE = YES;
				IPHONEOS_DEPLOYMENT_TARGET = 12.4;
				MTL_ENABLE_DEBUG_INFO = INCLUDE_SOURCE;
				MTL_FAST_MATH = YES;
				ONLY_ACTIVE_ARCH = YES;
				SDKROOT = iphoneos;
				SWIFT_ACTIVE_COMPILATION_CONDITIONS = DEBUG;
				SWIFT_OPTIMIZATION_LEVEL = "-Onone";
			};
			name = Debug;
		};
		AC3147472319BC0900742986 /* Release */ = {
			isa = XCBuildConfiguration;
			buildSettings = {
				ALWAYS_SEARCH_USER_PATHS = NO;
				CLANG_ANALYZER_NONNULL = YES;
				CLANG_ANALYZER_NUMBER_OBJECT_CONVERSION = YES_AGGRESSIVE;
				CLANG_CXX_LANGUAGE_STANDARD = "gnu++14";
				CLANG_CXX_LIBRARY = "libc++";
				CLANG_ENABLE_MODULES = YES;
				CLANG_ENABLE_OBJC_ARC = YES;
				CLANG_ENABLE_OBJC_WEAK = YES;
				CLANG_WARN_BLOCK_CAPTURE_AUTORELEASING = YES;
				CLANG_WARN_BOOL_CONVERSION = YES;
				CLANG_WARN_COMMA = YES;
				CLANG_WARN_CONSTANT_CONVERSION = YES;
				CLANG_WARN_DEPRECATED_OBJC_IMPLEMENTATIONS = YES;
				CLANG_WARN_DIRECT_OBJC_ISA_USAGE = YES_ERROR;
				CLANG_WARN_DOCUMENTATION_COMMENTS = YES;
				CLANG_WARN_EMPTY_BODY = YES;
				CLANG_WARN_ENUM_CONVERSION = YES;
				CLANG_WARN_INFINITE_RECURSION = YES;
				CLANG_WARN_INT_CONVERSION = YES;
				CLANG_WARN_NON_LITERAL_NULL_CONVERSION = YES;
				CLANG_WARN_OBJC_IMPLICIT_RETAIN_SELF = YES;
				CLANG_WARN_OBJC_LITERAL_CONVERSION = YES;
				CLANG_WARN_OBJC_ROOT_CLASS = YES_ERROR;
				CLANG_WARN_RANGE_LOOP_ANALYSIS = YES;
				CLANG_WARN_STRICT_PROTOTYPES = YES;
				CLANG_WARN_SUSPICIOUS_MOVE = YES;
				CLANG_WARN_UNGUARDED_AVAILABILITY = YES_AGGRESSIVE;
				CLANG_WARN_UNREACHABLE_CODE = YES;
				CLANG_WARN__DUPLICATE_METHOD_MATCH = YES;
				CODE_SIGN_IDENTITY = "iPhone Developer";
				COPY_PHASE_STRIP = NO;
				DEBUG_INFORMATION_FORMAT = "dwarf-with-dsym";
				ENABLE_NS_ASSERTIONS = NO;
				ENABLE_STRICT_OBJC_MSGSEND = YES;
				GCC_C_LANGUAGE_STANDARD = gnu11;
				GCC_NO_COMMON_BLOCKS = YES;
				GCC_WARN_64_TO_32_BIT_CONVERSION = YES;
				GCC_WARN_ABOUT_RETURN_TYPE = YES_ERROR;
				GCC_WARN_UNDECLARED_SELECTOR = YES;
				GCC_WARN_UNINITIALIZED_AUTOS = YES_AGGRESSIVE;
				GCC_WARN_UNUSED_FUNCTION = YES;
				GCC_WARN_UNUSED_VARIABLE = YES;
				IPHONEOS_DEPLOYMENT_TARGET = 12.4;
				MTL_ENABLE_DEBUG_INFO = NO;
				MTL_FAST_MATH = YES;
				SDKROOT = iphoneos;
				SWIFT_COMPILATION_MODE = wholemodule;
				SWIFT_OPTIMIZATION_LEVEL = "-O";
				VALIDATE_PRODUCT = YES;
			};
			name = Release;
		};
		AC3147492319BC0900742986 /* Debug */ = {
			isa = XCBuildConfiguration;
			buildSettings = {
				ASSETCATALOG_COMPILER_APPICON_NAME = AppIcon;
				CODE_SIGN_STYLE = Automatic;
				DEVELOPMENT_TEAM = MBC34NW4QG;
				INFOPLIST_FILE = EmployeeDirectory/Info.plist;
				LD_RUNPATH_SEARCH_PATHS = (
					"$(inherited)",
					"@executable_path/Frameworks",
				);
				PRODUCT_BUNDLE_IDENTIFIER = com.bhaskar.EmployeeDirectory;
				PRODUCT_NAME = "$(TARGET_NAME)";
				SWIFT_VERSION = 5.0;
				TARGETED_DEVICE_FAMILY = "1,2";
			};
			name = Debug;
		};
		AC31474A2319BC0900742986 /* Release */ = {
			isa = XCBuildConfiguration;
			buildSettings = {
				ASSETCATALOG_COMPILER_APPICON_NAME = AppIcon;
				CODE_SIGN_STYLE = Automatic;
				DEVELOPMENT_TEAM = MBC34NW4QG;
				INFOPLIST_FILE = EmployeeDirectory/Info.plist;
				LD_RUNPATH_SEARCH_PATHS = (
					"$(inherited)",
					"@executable_path/Frameworks",
				);
				PRODUCT_BUNDLE_IDENTIFIER = com.bhaskar.EmployeeDirectory;
				PRODUCT_NAME = "$(TARGET_NAME)";
				SWIFT_VERSION = 5.0;
				TARGETED_DEVICE_FAMILY = "1,2";
			};
			name = Release;
		};
		AC31474C2319BC0900742986 /* Debug */ = {
			isa = XCBuildConfiguration;
			buildSettings = {
				ALWAYS_EMBED_SWIFT_STANDARD_LIBRARIES = YES;
				BUNDLE_LOADER = "$(TEST_HOST)";
				CODE_SIGN_STYLE = Automatic;
				DEVELOPMENT_TEAM = MBC34NW4QG;
				INFOPLIST_FILE = EmployeeDirectoryTests/Info.plist;
				LD_RUNPATH_SEARCH_PATHS = (
					"$(inherited)",
					"@executable_path/Frameworks",
					"@loader_path/Frameworks",
				);
				PRODUCT_BUNDLE_IDENTIFIER = com.bhaskar.EmployeeDirectoryTests;
				PRODUCT_NAME = "$(TARGET_NAME)";
				SWIFT_VERSION = 5.0;
				TARGETED_DEVICE_FAMILY = "1,2";
				TEST_HOST = "$(BUILT_PRODUCTS_DIR)/EmployeeDirectory.app/EmployeeDirectory";
			};
			name = Debug;
		};
		AC31474D2319BC0900742986 /* Release */ = {
			isa = XCBuildConfiguration;
			buildSettings = {
				ALWAYS_EMBED_SWIFT_STANDARD_LIBRARIES = YES;
				BUNDLE_LOADER = "$(TEST_HOST)";
				CODE_SIGN_STYLE = Automatic;
				DEVELOPMENT_TEAM = MBC34NW4QG;
				INFOPLIST_FILE = EmployeeDirectoryTests/Info.plist;
				LD_RUNPATH_SEARCH_PATHS = (
					"$(inherited)",
					"@executable_path/Frameworks",
					"@loader_path/Frameworks",
				);
				PRODUCT_BUNDLE_IDENTIFIER = com.bhaskar.EmployeeDirectoryTests;
				PRODUCT_NAME = "$(TARGET_NAME)";
				SWIFT_VERSION = 5.0;
				TARGETED_DEVICE_FAMILY = "1,2";
				TEST_HOST = "$(BUILT_PRODUCTS_DIR)/EmployeeDirectory.app/EmployeeDirectory";
			};
			name = Release;
		};
/* End XCBuildConfiguration section */

/* Begin XCConfigurationList section */
		AC3147262319BC0800742986 /* Build configuration list for PBXProject "EmployeeDirectory" */ = {
			isa = XCConfigurationList;
			buildConfigurations = (
				AC3147462319BC0900742986 /* Debug */,
				AC3147472319BC0900742986 /* Release */,
			);
			defaultConfigurationIsVisible = 0;
			defaultConfigurationName = Release;
		};
		AC3147482319BC0900742986 /* Build configuration list for PBXNativeTarget "EmployeeDirectory" */ = {
			isa = XCConfigurationList;
			buildConfigurations = (
				AC3147492319BC0900742986 /* Debug */,
				AC31474A2319BC0900742986 /* Release */,
			);
			defaultConfigurationIsVisible = 0;
			defaultConfigurationName = Release;
		};
		AC31474B2319BC0900742986 /* Build configuration list for PBXNativeTarget "EmployeeDirectoryTests" */ = {
			isa = XCConfigurationList;
			buildConfigurations = (
				AC31474C2319BC0900742986 /* Debug */,
				AC31474D2319BC0900742986 /* Release */,
			);
			defaultConfigurationIsVisible = 0;
			defaultConfigurationName = Release;
		};
/* End XCConfigurationList section */
	};
	rootObject = AC3147232319BC0800742986 /* Project object */;
}
